dependencies:
  idf:
    component_hash: null
    source:
      type: idf
    version: 5.2.1
  protocol_examples_common:
    component_hash: null
    source:
      path: E:\Software\Espressif\frameworks\esp-idf-v5.2.1\examples\common_components\protocol_examples_common
      type: local
    version: '*'
manifest_hash: a33dd21b437cff0f98d63d789deb98a32268bb88e8406deca8fe358c6628ecce
target: esp32c3
version: 1.0.0
